Microsoft Visual Studio Solution File, Format Version 12.00
# Visual Studio Version 17
VisualStudioVersion = 17.14.35906.104
MinimumVisualStudioVersion = 10.0.40219.1
Project("{FAE04EC0-301F-11D3-BF4B-00C04F79EFBC}") = "TaskMeUp.Api", "TaskMeUp.Api\TaskMeUp.Api.csproj", "{EB9A2EC1-7434-4B09-8643-28FC5039C09B}"
EndProject
Project("{FAE04EC0-301F-11D3-BF4B-00C04F79EFBC}") = "TaskMeUp.Api.Tests", "TaskMeUp.Api.Tests\TaskMeUp.Api.Tests.csproj", "{D9518838-E035-4264-962D-55550C68BFE8}"
EndProject
Global
	GlobalSection(SolutionConfigurationPlatforms) = preSolution
		Debug|Any CPU = Debug|Any CPU
		Release|Any CPU = Release|Any CPU
	EndGlobalSection
	GlobalSection(ProjectConfigurationPlatforms) = postSolution
		{EB9A2EC1-7434-4B09-8643-28FC5039C09B}.Debug|Any CPU.ActiveCfg = Debug|Any CPU
		{EB9A2EC1-7434-4B09-8643-28FC5039C09B}.Debug|Any CPU.Build.0 = Debug|Any CPU
		{EB9A2EC1-7434-4B09-8643-28FC5039C09B}.Release|Any CPU.ActiveCfg = Release|Any CPU
		{EB9A2EC1-7434-4B09-8643-28FC5039C09B}.Release|Any CPU.Build.0 = Release|Any CPU
		{D9518838-E035-4264-962D-55550C68BFE8}.Debug|Any CPU.ActiveCfg = Debug|Any CPU
		{D9518838-E035-4264-962D-55550C68BFE8}.Debug|Any CPU.Build.0 = Debug|Any CPU
		{D9518838-E035-4264-962D-55550C68BFE8}.Release|Any CPU.ActiveCfg = Release|Any CPU
		{D9518838-E035-4264-962D-55550C68BFE8}.Release|Any CPU.Build.0 = Release|Any CPU
	EndGlobalSection
	GlobalSection(SolutionProperties) = preSolution
		HideSolutionNode = FALSE
	EndGlobalSection
	GlobalSection(ExtensibilityGlobals) = postSolution
		SolutionGuid = {C78EDD9C-B891-4E82-A289-EDDD64589D5F}
	EndGlobalSection
EndGlobal
